
Microsoft Visual Studio Solution File, Format Version 12.00
# Visual Studio Version 17
VisualStudioVersion = 17.10.35013.160
MinimumVisualStudioVersion = 10.0.40219.1
Project("{9A19103F-16F7-4668-BE54-9A1E7A4F7556}") = "ATM_WebApplication", "ATM_WebApplication\ATM_WebApplication.csproj", "{12C014EE-DDBD-45A0-9A9A-B58616CF5538}"
EndProject
Global
	GlobalSection(SolutionConfigurationPlatforms) = preSolution
		Debug|Any CPU = Debug|Any CPU
		Release|Any CPU = Release|Any CPU
	EndGlobalSection
	GlobalSection(ProjectConfigurationPlatforms) = postSolution
		{12C014EE-DDBD-45A0-9A9A-B58616CF5538}.Debug|Any CPU.ActiveCfg = Debug|Any CPU
		{12C014EE-DDBD-45A0-9A9A-B58616CF5538}.Debug|Any CPU.Build.0 = Debug|Any CPU
		{12C014EE-DDBD-45A0-9A9A-B58616CF5538}.Release|Any CPU.ActiveCfg = Release|Any CPU
		{12C014EE-DDBD-45A0-9A9A-B58616CF5538}.Release|Any CPU.Build.0 = Release|Any CPU
	EndGlobalSection
	GlobalSection(SolutionProperties) = preSolution
		HideSolutionNode = FALSE
	EndGlobalSection
	GlobalSection(ExtensibilityGlobals) = postSolution
		SolutionGuid = {41B062B4-6D27-4BE5-8FDF-194E3EA95220}
	EndGlobalSection
EndGlobal
